// !$*UTF8*$!
{
	archiveVersion = 1;
	classes = {
	};
	objectVersion = 46;
	objects = {

/* Begin PBXBuildFile section */
		8E75AB4E1CED992B00EB75C8 /* main.m in Sources */ = {isa = PBXBuildFile; fileRef = 8E75AB4D1CED992B00EB75C8 /* main.m */; };
		8E75AB511CED992B00EB75C8 /* AppDelegate.m in Sources */ = {isa = PBXBuildFile; fileRef = 8E75AB501CED992B00EB75C8 /* AppDelegate.m */; };
		8E75AB541CED992B00EB75C8 /* ViewController.m in Sources */ = {isa = PBXBuildFile; fileRef = 8E75AB531CED992B00EB75C8 /* ViewController.m */; };
		8E75AB571CED992B00EB75C8 /* Main.storyboard in Resources */ = {isa = PBXBuildFile; fileRef = 8E75AB551CED992B00EB75C8 /* Main.storyboard */; };
		8E75AB591CED992B00EB75C8 /* Assets.xcassets in Resources */ = {isa = PBXBuildFile; fileRef = 8E75AB581CED992B00EB75C8 /* Assets.xcassets */; };
		8E75AB5C1CED992B00EB75C8 /* LaunchScreen.storyboard in Resources */ = {isa = PBXBuildFile; fileRef = 8E75AB5A1CED992B00EB75C8 /* LaunchScreen.storyboard */; };
		8E75AB671CED992C00EB75C8 /* webTests.m in Sources */ = {isa = PBXBuildFile; fileRef = 8E75AB661CED992C00EB75C8 /* webTests.m */; };
		8E75AB721CED992C00EB75C8 /* webUITests.m in Sources */ = {isa = PBXBuildFile; fileRef = 8E75AB711CED992C00EB75C8 /* webUITests.m */; };
/* End PBXBuildFile section */

/* Begin PBXContainerItemProxy section */
		8E75AB631CED992C00EB75C8 /* PBXContainerItemProxy */ = {
			isa = PBXContainerItemProxy;
			containerPortal = 8E75AB411CED992B00EB75C8 /* Project object */;
			proxyType = 1;
			remoteGlobalIDString = 8E75AB481CED992B00EB75C8;
			remoteInfo = web;
		};
		8E75AB6E1CED992C00EB75C8 /* PBXContainerItemProxy */ = {
			isa = PBXContainerItemProxy;
			containerPortal = 8E75AB411CED992B00EB75C8 /* Project object */;
			proxyType = 1;
			remoteGlobalIDString = 8E75AB481CED992B00EB75C8;
			remoteInfo = web;
		};
/* End PBXContainerItemProxy section */

/* Begin PBXFileReference section */
		8E75AB491CED992B00EB75C8 /* web.app */ = {isa = PBXFileReference; explicitFileType = wrapper.application; includeInIndex = 0; path = web.app; sourceTree = BUILT_PRODUCTS_DIR; };
		8E75AB4D1CED992B00EB75C8 /* main.m */ = {isa = PBXFileReference; lastKnownFileType = sourcecode.c.objc; path = main.m; sourceTree = "<group>"; };
		8E75AB4F1CED992B00EB75C8 /* AppDelegate.h */ = {isa = PBXFileReference; lastKnownFileType = sourcecode.c.h; path = AppDelegate.h; sourceTree = "<group>"; };
		8E75AB501CED992B00EB75C8 /* AppDelegate.m */ = {isa = PBXFileReference; lastKnownFileType = sourcecode.c.objc; path = AppDelegate.m; sourceTree = "<group>"; };
		8E75AB521CED992B00EB75C8 /* ViewController.h */ = {isa = PBXFileReference; lastKnownFileType = sourcecode.c.h; path = ViewController.h; sourceTree = "<group>"; };
		8E75AB531CED992B00EB75C8 /* ViewController.m */ = {isa = PBXFileReference; lastKnownFileType = sourcecode.c.objc; path = ViewController.m; sourceTree = "<group>"; };
		8E75AB561CED992B00EB75C8 /* Base */ = {isa = PBXFileReference; lastKnownFileType = file.storyboard; name = Base; path = Base.lproj/Main.storyboard; sourceTree = "<group>"; };
		8E75AB581CED992B00EB75C8 /* Assets.xcassets */ = {isa = PBXFileReference; lastKnownFileType = folder.assetcatalog; path = Assets.xcassets; sourceTree = "<group>"; };
		8E75AB5B1CED992B00EB75C8 /* Base */ = {isa = PBXFileReference; lastKnownFileType = file.storyboard; name = Base; path = Base.lproj/LaunchScreen.storyboard; sourceTree = "<group>"; };
		8E75AB5D1CED992B00EB75C8 /* Info.plist */ = {isa = PBXFileReference; lastKnownFileType = text.plist.xml; path = Info.plist; sourceTree = "<group>"; };
		8E75AB621CED992C00EB75C8 /* webTests.xctest */ = {isa = PBXFileReference; explicitFileType = wrapper.cfbundle; includeInIndex = 0; path = webTests.xctest; sourceTree = BUILT_PRODUCTS_DIR; };
		8E75AB661CED992C00EB75C8 /* webTests.m */ = {isa = PBXFileReference; lastKnownFileType = sourcecode.c.objc; path = webTests.m; sourceTree = "<group>"; };
		8E75AB681CED992C00EB75C8 /* Info.plist */ = {isa = PBXFileReference; lastKnownFileType = text.plist.xml; path = Info.plist; sourceTree = "<group>"; };
		8E75AB6D1CED992C00EB75C8 /* webUITests.xctest */ = {isa = PBXFileReference; explicitFileType = wrapper.cfbundle; includeInIndex = 0; path = webUITests.xctest; sourceTree = BUILT_PRODUCTS_DIR; };
		8E75AB711CED992C00EB75C8 /* webUITests.m */ = {isa = PBXFileReference; lastKnownFileType = sourcecode.c.objc; path = webUITests.m; sourceTree = "<group>"; };
		8E75AB731CED992C00EB75C8 /* Info.plist */ = {isa = PBXFileReference; lastKnownFileType = text.plist.xml; path = Info.plist; sourceTree = "<group>"; };
/* End PBXFileReference section */

/* Begin PBXFrameworksBuildPhase section */
		8E75AB461CED992B00EB75C8 /* Frameworks */ = {
			isa = PBXFrameworksBuildPhase;
			buildActionMask = 2147483647;
			files = (
			);
			runOnlyForDeploymentPostprocessing = 0;
		};
		8E75AB5F1CED992C00EB75C8 /* Frameworks */ = {
			isa = PBXFrameworksBuildPhase;
			buildActionMask = 2147483647;
			files = (
			);
			runOnlyForDeploymentPostprocessing = 0;
		};
		8E75AB6A1CED992C00EB75C8 /* Frameworks */ = {
			isa = PBXFrameworksBuildPhase;
			buildActionMask = 2147483647;
			files = (
			);
			runOnlyForDeploymentPostprocessing = 0;
		};
/* End PBXFrameworksBuildPhase section */

/* Begin PBXGroup section */
		8E75AB401CED992B00EB75C8 = {
			isa = PBXGroup;
			children = (
				8E75AB4B1CED992B00EB75C8 /* web */,
				8E75AB651CED992C00EB75C8 /* webTests */,
				8E75AB701CED992C00EB75C8 /* webUITests */,
				8E75AB4A1CED992B00EB75C8 /* Products */,
			);
			sourceTree = "<group>";
		};
		8E75AB4A1CED992B00EB75C8 /* Products */ = {
			isa = PBXGroup;
			children = (
				8E75AB491CED992B00EB75C8 /* web.app */,
				8E75AB621CED992C00EB75C8 /* webTests.xctest */,
				8E75AB6D1CED992C00EB75C8 /* webUITests.xctest */,
			);
			name = Products;
			sourceTree = "<group>";
		};
		8E75AB4B1CED992B00EB75C8 /* web */ = {
			isa = PBXGroup;
			children = (
				8E75AB4F1CED992B00EB75C8 /* AppDelegate.h */,
				8E75AB501CED992B00EB75C8 /* AppDelegate.m */,
				8E75AB521CED992B00EB75C8 /* ViewController.h */,
				8E75AB531CED992B00EB75C8 /* ViewController.m */,
				8E75AB551CED992B00EB75C8 /* Main.storyboard */,
				8E75AB581CED992B00EB75C8 /* Assets.xcassets */,
				8E75AB5A1CED992B00EB75C8 /* LaunchScreen.storyboard */,
				8E75AB5D1CED992B00EB75C8 /* Info.plist */,
				8E75AB4C1CED992B00EB75C8 /* Supporting Files */,
			);
			path = web;
			sourceTree = "<group>";
		};
		8E75AB4C1CED992B00EB75C8 /* Supporting Files */ = {
			isa = PBXGroup;
			children = (
				8E75AB4D1CED992B00EB75C8 /* main.m */,
			);
			name = "Supporting Files";
			sourceTree = "<group>";
		};
		8E75AB651CED992C00EB75C8 /* webTests */ = {
			isa = PBXGroup;
			children = (
				8E75AB661CED992C00EB75C8 /* webTests.m */,
				8E75AB681CED992C00EB75C8 /* Info.plist */,
			);
			path = webTests;
			sourceTree = "<group>";
		};
		8E75AB701CED992C00EB75C8 /* webUITests */ = {
			isa = PBXGroup;
			children = (
				8E75AB711CED992C00EB75C8 /* webUITests.m */,
				8E75AB731CED992C00EB75C8 /* Info.plist */,
			);
			path = webUITests;
			sourceTree = "<group>";
		};
/* End PBXGroup section */

/* Begin PBXNativeTarget section */
		8E75AB481CED992B00EB75C8 /* web */ = {
			isa = PBXNativeTarget;
			buildConfigurationList = 8E75AB761CED992C00EB75C8 /* Build configuration list for PBXNativeTarget "web" */;
			buildPhases = (
				8E75AB451CED992B00EB75C8 /* Sources */,
				8E75AB461CED992B00EB75C8 /* Frameworks */,
				8E75AB471CED992B00EB75C8 /* Resources */,
			);
			buildRules = (
			);
			dependencies = (
			);
			name = web;
			productName = web;
			productReference = 8E75AB491CED992B00EB75C8 /* web.app */;
			productType = "com.apple.product-type.application";
		};
		8E75AB611CED992C00EB75C8 /* webTests */ = {
			isa = PBXNativeTarget;
			buildConfigurationList = 8E75AB791CED992C00EB75C8 /* Build configuration list for PBXNativeTarget "webTests" */;
			buildPhases = (
				8E75AB5E1CED992C00EB75C8 /* Sources */,
				8E75AB5F1CED992C00EB75C8 /* Frameworks */,
				8E75AB601CED992C00EB75C8 /* Resources */,
			);
			buildRules = (
			);
			dependencies = (
				8E75AB641CED992C00EB75C8 /* PBXTargetDependency */,
			);
			name = webTests;
			productName = webTests;
			productReference = 8E75AB621CED992C00EB75C8 /* webTests.xctest */;
			productType = "com.apple.product-type.bundle.unit-test";
		};
		8E75AB6C1CED992C00EB75C8 /* webUITests */ = {
			isa = PBXNativeTarget;
			buildConfigurationList = 8E75AB7C1CED992C00EB75C8 /* Build configuration list for PBXNativeTarget "webUITests" */;
			buildPhases = (
				8E75AB691CED992C00EB75C8 /* Sources */,
				8E75AB6A1CED992C00EB75C8 /* Frameworks */,
				8E75AB6B1CED992C00EB75C8 /* Resources */,
			);
			buildRules = (
			);
			dependencies = (
				8E75AB6F1CED992C00EB75C8 /* PBXTargetDependency */,
			);
			name = webUITests;
			productName = webUITests;
			productReference = 8E75AB6D1CED992C00EB75C8 /* webUITests.xctest */;
			productType = "com.apple.product-type.bundle.ui-testing";
		};
/* End PBXNativeTarget section */

/* Begin PBXProject section */
		8E75AB411CED992B00EB75C8 /* Project object */ = {
			isa = PBXProject;
			attributes = {
				LastUpgradeCheck = 0720;
				ORGANIZATIONNAME = Ocean;
				TargetAttributes = {
					8E75AB481CED992B00EB75C8 = {
						CreatedOnToolsVersion = 7.2;
					};
					8E75AB611CED992C00EB75C8 = {
						CreatedOnToolsVersion = 7.2;
						TestTargetID = 8E75AB481CED992B00EB75C8;
					};
					8E75AB6C1CED992C00EB75C8 = {
						CreatedOnToolsVersion = 7.2;
						TestTargetID = 8E75AB481CED992B00EB75C8;
					};
				};
			};
			buildConfigurationList = 8E75AB441CED992B00EB75C8 /* Build configuration list for PBXProject "web" */;
			compatibilityVersion = "Xcode 3.2";
			developmentRegion = English;
			hasScannedForEncodings = 0;
			knownRegions = (
				en,
				Base,
			);
			mainGroup = 8E75AB401CED992B00EB75C8;
			productRefGroup = 8E75AB4A1CED992B00EB75C8 /* Products */;
			projectDirPath = "";
			projectRoot = "";
			targets = (
				8E75AB481CED992B00EB75C8 /* web */,
				8E75AB611CED992C00EB75C8 /* webTests */,
				8E75AB6C1CED992C00EB75C8 /* webUITests */,
			);
		};
/* End PBXProject section */

/* Begin PBXResourcesBuildPhase section */
		8E75AB471CED992B00EB75C8 /* Resources */ = {
			isa = PBXResourcesBuildPhase;
			buildActionMask = 2147483647;
			files = (
				8E75AB5C1CED992B00EB75C8 /* LaunchScreen.storyboard in Resources */,
				8E75AB591CED992B00EB75C8 /* Assets.xcassets in Resources */,
				8E75AB571CED992B00EB75C8 /* Main.storyboard in Resources */,
			);
			runOnlyForDeploymentPostprocessing = 0;
		};
		8E75AB601CED992C00EB75C8 /* Resources */ = {
			isa = PBXResourcesBuildPhase;
			buildActionMask = 2147483647;
			files = (
			);
			runOnlyForDeploymentPostprocessing = 0;
		};
		8E75AB6B1CED992C00EB75C8 /* Resources */ = {
			isa = PBXResourcesBuildPhase;
			buildActionMask = 2147483647;
			files = (
			);
			runOnlyForDeploymentPostprocessing = 0;
		};
/* End PBXResourcesBuildPhase section */

/* Begin PBXSourcesBuildPhase section */
		8E75AB451CED992B00EB75C8 /* Sources */ = {
			isa = PBXSourcesBuildPhase;
			buildActionMask = 2147483647;
			files = (
				8E75AB541CED992B00EB75C8 /* ViewController.m in Sources */,
				8E75AB511CED992B00EB75C8 /* AppDelegate.m in Sources */,
				8E75AB4E1CED992B00EB75C8 /* main.m in Sources */,
			);
			runOnlyForDeploymentPostprocessing = 0;
		};
		8E75AB5E1CED992C00EB75C8 /* Sources */ = {
			isa = PBXSourcesBuildPhase;
			buildActionMask = 2147483647;
			files = (
				8E75AB671CED992C00EB75C8 /* webTests.m in Sources */,
			);
			runOnlyForDeploymentPostprocessing = 0;
		};
		8E75AB691CED992C00EB75C8 /* Sources */ = {
			isa = PBXSourcesBuildPhase;
			buildActionMask = 2147483647;
			files = (
				8E75AB721CED992C00EB75C8 /* webUITests.m in Sources */,
			);
			runOnlyForDeploymentPostprocessing = 0;
		};
/* End PBXSourcesBuildPhase section */

/* Begin PBXTargetDependency section */
		8E75AB641CED992C00EB75C8 /* PBXTargetDependency */ = {
			isa = PBXTargetDependency;
			target = 8E75AB481CED992B00EB75C8 /* web */;
			targetProxy = 8E75AB631CED992C00EB75C8 /* PBXContainerItemProxy */;
		};
		8E75AB6F1CED992C00EB75C8 /* PBXTargetDependency */ = {
			isa = PBXTargetDependency;
			target = 8E75AB481CED992B00EB75C8 /* web */;
			targetProxy = 8E75AB6E1CED992C00EB75C8 /* PBXContainerItemProxy */;
		};
/* End PBXTargetDependency section */

/* Begin PBXVariantGroup section */
		8E75AB551CED992B00EB75C8 /* Main.storyboard */ = {
			isa = PBXVariantGroup;
			children = (
				8E75AB561CED992B00EB75C8 /* Base */,
			);
			name = Main.storyboard;
			sourceTree = "<group>";
		};
		8E75AB5A1CED992B00EB75C8 /* LaunchScreen.storyboard */ = {
			isa = PBXVariantGroup;
			children = (
				8E75AB5B1CED992B00EB75C8 /* Base */,
			);
			name = LaunchScreen.storyboard;
			sourceTree = "<group>";
		};
/* End PBXVariantGroup section */

/* Begin XCBuildConfiguration section */
		8E75AB741CED992C00EB75C8 /* Debug */ = {
			isa = XCBuildConfiguration;
			buildSettings = {
				ALWAYS_SEARCH_USER_PATHS = NO;
				CLANG_CXX_LANGUAGE_STANDARD = "gnu++0x";
				CLANG_CXX_LIBRARY = "libc++";
				CLANG_ENABLE_MODULES = YES;
				CLANG_ENABLE_OBJC_ARC = YES;
				CLANG_WARN_BOOL_CONVERSION = YES;
				CLANG_WARN_CONSTANT_CONVERSION = YES;
				CLANG_WARN_DIRECT_OBJC_ISA_USAGE = YES_ERROR;
				CLANG_WARN_EMPTY_BODY = YES;
				CLANG_WARN_ENUM_CONVERSION = YES;
				CLANG_WARN_INT_CONVERSION = YES;
				CLANG_WARN_OBJC_ROOT_CLASS = YES_ERROR;
				CLANG_WARN_UNREACHABLE_CODE = YES;
				CLANG_WARN__DUPLICATE_METHOD_MATCH = YES;
				"CODE_SIGN_IDENTITY[sdk=iphoneos*]" = "iPhone Developer";
				COPY_PHASE_STRIP = NO;
				DEBUG_INFORMATION_FORMAT = dwarf;
				ENABLE_STRICT_OBJC_MSGSEND = YES;
				ENABLE_TESTABILITY = YES;
				GCC_C_LANGUAGE_STANDARD = gnu99;
				GCC_DYNAMIC_NO_PIC = NO;
				GCC_NO_COMMON_BLOCKS = YES;
				GCC_OPTIMIZATION_LEVEL = 0;
				GCC_PREPROCESSOR_DEFINITIONS = (
					"DEBUG=1",
					"$(inherited)",
				);
				GCC_WARN_64_TO_32_BIT_CONVERSION = YES;
				GCC_WARN_ABOUT_RETURN_TYPE = YES_ERROR;
				GCC_WARN_UNDECLARED_SELECTOR = YES;
				GCC_WARN_UNINITIALIZED_AUTOS = YES_AGGRESSIVE;
				GCC_WARN_UNUSED_FUNCTION = YES;
				GCC_WARN_UNUSED_VARIABLE = YES;
				IPHONEOS_DEPLOYMENT_TARGET = 9.2;
				MTL_ENABLE_DEBUG_INFO = YES;
				ONLY_ACTIVE_ARCH = YES;
				SDKROOT = iphoneos;
				TARGETED_DEVICE_FAMILY = "1,2";
			};
			name = Debug;
		};
		8E75AB751CED992C00EB75C8 /* Release */ = {
			isa = XCBuildConfiguration;
			buildSettings = {
				ALWAYS_SEARCH_USER_PATHS = NO;
				CLANG_CXX_LANGUAGE_STANDARD = "gnu++0x";
				CLANG_CXX_LIBRARY = "libc++";
				CLANG_ENABLE_MODULES = YES;
				CLANG_ENABLE_OBJC_ARC = YES;
				CLANG_WARN_BOOL_CONVERSION = YES;
				CLANG_WARN_CONSTANT_CONVERSION = YES;
				CLANG_WARN_DIRECT_OBJC_ISA_USAGE = YES_ERROR;
				CLANG_WARN_EMPTY_BODY = YES;
				CLANG_WARN_ENUM_CONVERSION = YES;
				CLANG_WARN_INT_CONVERSION = YES;
				CLANG_WARN_OBJC_ROOT_CLASS = YES_ERROR;
				CLANG_WARN_UNREACHABLE_CODE = YES;
				CLANG_WARN__DUPLICATE_METHOD_MATCH = YES;
				"CODE_SIGN_IDENTITY[sdk=iphoneos*]" = "iPhone Developer";
				COPY_PHASE_STRIP = NO;
				DEBUG_INFORMATION_FORMAT = "dwarf-with-dsym";
				ENABLE_NS_ASSERTIONS = NO;
				ENABLE_STRICT_OBJC_MSGSEND = YES;
				GCC_C_LANGUAGE_STANDARD = gnu99;
				GCC_NO_COMMON_BLOCKS = YES;
				GCC_WARN_64_TO_32_BIT_CONVERSION = YES;
				GCC_WARN_ABOUT_RETURN_TYPE = YES_ERROR;
				GCC_WARN_UNDECLARED_SELECTOR = YES;
				GCC_WARN_UNINITIALIZED_AUTOS = YES_AGGRESSIVE;
				GCC_WARN_UNUSED_FUNCTION = YES;
				GCC_WARN_UNUSED_VARIABLE = YES;
				IPHONEOS_DEPLOYMENT_TARGET = 9.2;
				MTL_ENABLE_DEBUG_INFO = NO;
				SDKROOT = iphoneos;
				TARGETED_DEVICE_FAMILY = "1,2";
				VALIDATE_PRODUCT = YES;
			};
			name = Release;
		};
		8E75AB771CED992C00EB75C8 /* Debug */ = {
			isa = XCBuildConfiguration;
			buildSettings = {
				ASSETCATALOG_COMPILER_APPICON_NAME = AppIcon;
				INFOPLIST_FILE = web/Info.plist;
				LD_RUNPATH_SEARCH_PATHS = "$(inherited) @executable_path/Frameworks";
				PRODUCT_BUNDLE_IDENTIFIER = com.myComplain.web;
				PRODUCT_NAME = "$(TARGET_NAME)";
			};
			name = Debug;
		};
		8E75AB781CED992C00EB75C8 /* Release */ = {
			isa = XCBuildConfiguration;
			buildSettings = {
				ASSETCATALOG_COMPILER_APPICON_NAME = AppIcon;
				INFOPLIST_FILE = web/Info.plist;
				LD_RUNPATH_SEARCH_PATHS = "$(inherited) @executable_path/Frameworks";
				PRODUCT_BUNDLE_IDENTIFIER = com.myComplain.web;
				PRODUCT_NAME = "$(TARGET_NAME)";
			};
			name = Release;
		};
		8E75AB7A1CED992C00EB75C8 /* Debug */ = {
			isa = XCBuildConfiguration;
			buildSettings = {
				BUNDLE_LOADER = "$(TEST_HOST)";
				INFOPLIST_FILE = webTests/Info.plist;
				LD_RUNPATH_SEARCH_PATHS = "$(inherited) @executable_path/Frameworks @loader_path/Frameworks";
				PRODUCT_BUNDLE_IDENTIFIER = com.myComplain.webTests;
				PRODUCT_NAME = "$(TARGET_NAME)";
				TEST_HOST = "$(BUILT_PRODUCTS_DIR)/web.app/web";
			};
			name = Debug;
		};
		8E75AB7B1CED992C00EB75C8 /* Release */ = {
			isa = XCBuildConfiguration;
			buildSettings = {
				BUNDLE_LOADER = "$(TEST_HOST)";
				INFOPLIST_FILE = webTests/Info.plist;
				LD_RUNPATH_SEARCH_PATHS = "$(inherited) @executable_path/Frameworks @loader_path/Frameworks";
				PRODUCT_BUNDLE_IDENTIFIER = com.myComplain.webTests;
				PRODUCT_NAME = "$(TARGET_NAME)";
				TEST_HOST = "$(BUILT_PRODUCTS_DIR)/web.app/web";
			};
			name = Release;
		};
		8E75AB7D1CED992C00EB75C8 /* Debug */ = {
			isa = XCBuildConfiguration;
			buildSettings = {
				INFOPLIST_FILE = webUITests/Info.plist;
				LD_RUNPATH_SEARCH_PATHS = "$(inherited) @executable_path/Frameworks @loader_path/Frameworks";
				PRODUCT_BUNDLE_IDENTIFIER = com.myComplain.webUITests;
				PRODUCT_NAME = "$(TARGET_NAME)";
				TEST_TARGET_NAME = web;
				USES_XCTRUNNER = YES;
			};
			name = Debug;
		};
		8E75AB7E1CED992C00EB75C8 /* Release */ = {
			isa = XCBuildConfiguration;
			buildSettings = {
				INFOPLIST_FILE = webUITests/Info.plist;
				LD_RUNPATH_SEARCH_PATHS = "$(inherited) @executable_path/Frameworks @loader_path/Frameworks";
				PRODUCT_BUNDLE_IDENTIFIER = com.myComplain.webUITests;
				PRODUCT_NAME = "$(TARGET_NAME)";
				TEST_TARGET_NAME = web;
				USES_XCTRUNNER = YES;
			};
			name = Release;
		};
/* End XCBuildConfiguration section */

/* Begin XCConfigurationList section */
		8E75AB441CED992B00EB75C8 /* Build configuration list for PBXProject "web" */ = {
			isa = XCConfigurationList;
			buildConfigurations = (
				8E75AB741CED992C00EB75C8 /* Debug */,
				8E75AB751CED992C00EB75C8 /* Release */,
			);
			defaultConfigurationIsVisible = 0;
			defaultConfigurationName = Release;
		};
		8E75AB761CED992C00EB75C8 /* Build configuration list for PBXNativeTarget "web" */ = {
			isa = XCConfigurationList;
			buildConfigurations = (
				8E75AB771CED992C00EB75C8 /* Debug */,
				8E75AB781CED992C00EB75C8 /* Release */,
			);
			defaultConfigurationIsVisible = 0;
		};
		8E75AB791CED992C00EB75C8 /* Build configuration list for PBXNativeTarget "webTests" */ = {
			isa = XCConfigurationList;
			buildConfigurations = (
				8E75AB7A1CED992C00EB75C8 /* Debug */,
				8E75AB7B1CED992C00EB75C8 /* Release */,
			);
			defaultConfigurationIsVisible = 0;
		};
		8E75AB7C1CED992C00EB75C8 /* Build configuration list for PBXNativeTarget "webUITests" */ = {
			isa = XCConfigurationList;
			buildConfigurations = (
				8E75AB7D1CED992C00EB75C8 /* Debug */,
				8E75AB7E1CED992C00EB75C8 /* Release */,
			);
			defaultConfigurationIsVisible = 0;
		};
/* End XCConfigurationList section */
	};
	rootObject = 8E75AB411CED992B00EB75C8 /* Project object */;
}
